// !$*UTF8*$!
{
	archiveVersion = 1;
	classes = {
	};
	objectVersion = 46;
	objects = {

/* Begin PBXBuildFile section */
		6D78BC121C64605E00D419A2 /* atosl.c in Sources */ = {isa = PBXBuildFile; fileRef = 6D78BC0C1C64605E00D419A2 /* atosl.c */; };
		6D78BC131C64605E00D419A2 /* common.c in Sources */ = {isa = PBXBuildFile; fileRef = 6D78BC0E1C64605E00D419A2 /* common.c */; };
		6D78BC141C64605E00D419A2 /* subprograms.c in Sources */ = {isa = PBXBuildFile; fileRef = 6D78BC101C64605E00D419A2 /* subprograms.c */; };
/* End PBXBuildFile section */

/* Begin PBXCopyFilesBuildPhase section */
		6D78BC001C64602900D419A2 /* CopyFiles */ = {
			isa = PBXCopyFilesBuildPhase;
			buildActionMask = 2147483647;
			dstPath = /usr/share/man/man1/;
			dstSubfolderSpec = 0;
			files = (
			);
			runOnlyForDeploymentPostprocessing = 1;
		};
/* End PBXCopyFilesBuildPhase section */

/* Begin PBXFileReference section */
		6D78BC021C64602900D419A2 /* atosl_osx */ = {isa = PBXFileReference; explicitFileType = "compiled.mach-o.executable"; includeInIndex = 0; path = atosl_osx; sourceTree = BUILT_PRODUCTS_DIR; };
		6D78BC0C1C64605E00D419A2 /* atosl.c */ = {isa = PBXFileReference; fileEncoding = 4; lastKnownFileType = sourcecode.c.c; name = atosl.c; path = ../../atosl/atosl.c; sourceTree = "<group>"; };
		6D78BC0D1C64605E00D419A2 /* atosl.h */ = {isa = PBXFileReference; fileEncoding = 4; lastKnownFileType = sourcecode.c.h; name = atosl.h; path = ../../atosl/atosl.h; sourceTree = "<group>"; };
		6D78BC0E1C64605E00D419A2 /* common.c */ = {isa = PBXFileReference; fileEncoding = 4; lastKnownFileType = sourcecode.c.c; name = common.c; path = ../../atosl/common.c; sourceTree = "<group>"; };
		6D78BC0F1C64605E00D419A2 /* common.h */ = {isa = PBXFileReference; fileEncoding = 4; lastKnownFileType = sourcecode.c.h; name = common.h; path = ../../atosl/common.h; sourceTree = "<group>"; };
		6D78BC101C64605E00D419A2 /* subprograms.c */ = {isa = PBXFileReference; fileEncoding = 4; lastKnownFileType = sourcecode.c.c; name = subprograms.c; path = ../../atosl/subprograms.c; sourceTree = "<group>"; };
		6D78BC111C64605E00D419A2 /* subprograms.h */ = {isa = PBXFileReference; fileEncoding = 4; lastKnownFileType = sourcecode.c.h; name = subprograms.h; path = ../../atosl/subprograms.h; sourceTree = "<group>"; };
/* End PBXFileReference section */

/* Begin PBXFrameworksBuildPhase section */
		6D78BBFF1C64602900D419A2 /* Frameworks */ = {
			isa = PBXFrameworksBuildPhase;
			buildActionMask = 2147483647;
			files = (
			);
			runOnlyForDeploymentPostprocessing = 0;
		};
/* End PBXFrameworksBuildPhase section */

/* Begin PBXGroup section */
		6D78BBF91C64602900D419A2 = {
			isa = PBXGroup;
			children = (
				6D78BC041C64602900D419A2 /* atosl_osx */,
				6D78BC031C64602900D419A2 /* Products */,
			);
			sourceTree = "<group>";
		};
		6D78BC031C64602900D419A2 /* Products */ = {
			isa = PBXGroup;
			children = (
				6D78BC021C64602900D419A2 /* atosl_osx */,
			);
			name = Products;
			sourceTree = "<group>";
		};
		6D78BC041C64602900D419A2 /* atosl_osx */ = {
			isa = PBXGroup;
			children = (
				6D78BC0C1C64605E00D419A2 /* atosl.c */,
				6D78BC0D1C64605E00D419A2 /* atosl.h */,
				6D78BC0E1C64605E00D419A2 /* common.c */,
				6D78BC0F1C64605E00D419A2 /* common.h */,
				6D78BC101C64605E00D419A2 /* subprograms.c */,
				6D78BC111C64605E00D419A2 /* subprograms.h */,
			);
			path = atosl_osx;
			sourceTree = "<group>";
		};
/* End PBXGroup section */

/* Begin PBXNativeTarget section */
		6D78BC011C64602900D419A2 /* atosl_osx */ = {
			isa = PBXNativeTarget;
			buildConfigurationList = 6D78BC091C64602900D419A2 /* Build configuration list for PBXNativeTarget "atosl_osx" */;
			buildPhases = (
				6D78BBFE1C64602900D419A2 /* Sources */,
				6D78BBFF1C64602900D419A2 /* Frameworks */,
				6D78BC001C64602900D419A2 /* CopyFiles */,
			);
			buildRules = (
			);
			dependencies = (
			);
			name = atosl_osx;
			productName = atosl_osx;
			productReference = 6D78BC021C64602900D419A2 /* atosl_osx */;
			productType = "com.apple.product-type.tool";
		};
/* End PBXNativeTarget section */

/* Begin PBXProject section */
		6D78BBFA1C64602900D419A2 /* Project object */ = {
			isa = PBXProject;
			attributes = {
				LastUpgradeCheck = 0710;
				ORGANIZATIONNAME = "Kieran Crawford";
				TargetAttributes = {
					6D78BC011C64602900D419A2 = {
						CreatedOnToolsVersion = 7.1.1;
					};
				};
			};
			buildConfigurationList = 6D78BBFD1C64602900D419A2 /* Build configuration list for PBXProject "atosl_osx" */;
			compatibilityVersion = "Xcode 3.2";
			developmentRegion = English;
			hasScannedForEncodings = 0;
			knownRegions = (
				en,
			);
			mainGroup = 6D78BBF91C64602900D419A2;
			productRefGroup = 6D78BC031C64602900D419A2 /* Products */;
			projectDirPath = "";
			projectRoot = "";
			targets = (
				6D78BC011C64602900D419A2 /* atosl_osx */,
			);
		};
/* End PBXProject section */

/* Begin PBXSourcesBuildPhase section */
		6D78BBFE1C64602900D419A2 /* Sources */ = {
			isa = PBXSourcesBuildPhase;
			buildActionMask = 2147483647;
			files = (
				6D78BC131C64605E00D419A2 /* common.c in Sources */,
				6D78BC121C64605E00D419A2 /* atosl.c in Sources */,
				6D78BC141C64605E00D419A2 /* subprograms.c in Sources */,
			);
			runOnlyForDeploymentPostprocessing = 0;
		};
/* End PBXSourcesBuildPhase section */

/* Begin XCBuildConfiguration section */
		6D78BC071C64602900D419A2 /* Debug */ = {
			isa = XCBuildConfiguration;
			buildSettings = {
				ALWAYS_SEARCH_USER_PATHS = YES;
				CLANG_CXX_LANGUAGE_STANDARD = "gnu++0x";
				CLANG_CXX_LIBRARY = "libc++";
				CLANG_ENABLE_MODULES = YES;
				CLANG_ENABLE_OBJC_ARC = YES;
				CLANG_WARN_BOOL_CONVERSION = YES;
				CLANG_WARN_CONSTANT_CONVERSION = YES;
				CLANG_WARN_DIRECT_OBJC_ISA_USAGE = YES_ERROR;
				CLANG_WARN_EMPTY_BODY = YES;
				CLANG_WARN_ENUM_CONVERSION = YES;
				CLANG_WARN_INT_CONVERSION = YES;
				CLANG_WARN_OBJC_ROOT_CLASS = YES_ERROR;
				CLANG_WARN_UNREACHABLE_CODE = YES;
				CLANG_WARN__DUPLICATE_METHOD_MATCH = YES;
				CODE_SIGN_IDENTITY = "-";
				COPY_PHASE_STRIP = NO;
				DEBUG_INFORMATION_FORMAT = dwarf;
				ENABLE_STRICT_OBJC_MSGSEND = YES;
				ENABLE_TESTABILITY = YES;
				GCC_C_LANGUAGE_STANDARD = gnu99;
				GCC_DYNAMIC_NO_PIC = NO;
				GCC_NO_COMMON_BLOCKS = YES;
				GCC_OPTIMIZATION_LEVEL = 0;
				GCC_PREPROCESSOR_DEFINITIONS = (
					"DEBUG=1",
					"$(inherited)",
				);
				GCC_WARN_64_TO_32_BIT_CONVERSION = YES;
				GCC_WARN_ABOUT_RETURN_TYPE = YES_ERROR;
				GCC_WARN_UNDECLARED_SELECTOR = YES;
				GCC_WARN_UNINITIALIZED_AUTOS = YES_AGGRESSIVE;
				GCC_WARN_UNUSED_FUNCTION = YES;
				GCC_WARN_UNUSED_VARIABLE = YES;
				HEADER_SEARCH_PATHS = (
					/usr/include,
					/usr/local/include,
				);
				"HEADER_SEARCH_PATHS[arch=*]" = (
					/usr/include,
					/usr/local/include,
				);
				LIBRARY_SEARCH_PATHS = (
					/usr/lib,
					/usr/local/lib,
				);
				MACOSX_DEPLOYMENT_TARGET = 10.10;
				MTL_ENABLE_DEBUG_INFO = YES;
				ONLY_ACTIVE_ARCH = YES;
				SDKROOT = macosx;
			};
			name = Debug;
		};
		6D78BC081C64602900D419A2 /* Release */ = {
			isa = XCBuildConfiguration;
			buildSettings = {
				ALWAYS_SEARCH_USER_PATHS = YES;
				CLANG_CXX_LANGUAGE_STANDARD = "gnu++0x";
				CLANG_CXX_LIBRARY = "libc++";
				CLANG_ENABLE_MODULES = YES;
				CLANG_ENABLE_OBJC_ARC = YES;
				CLANG_WARN_BOOL_CONVERSION = YES;
				CLANG_WARN_CONSTANT_CONVERSION = YES;
				CLANG_WARN_DIRECT_OBJC_ISA_USAGE = YES_ERROR;
				CLANG_WARN_EMPTY_BODY = YES;
				CLANG_WARN_ENUM_CONVERSION = YES;
				CLANG_WARN_INT_CONVERSION = YES;
				CLANG_WARN_OBJC_ROOT_CLASS = YES_ERROR;
				CLANG_WARN_UNREACHABLE_CODE = YES;
				CLANG_WARN__DUPLICATE_METHOD_MATCH = YES;
				CODE_SIGN_IDENTITY = "-";
				COPY_PHASE_STRIP = NO;
				DEBUG_INFORMATION_FORMAT = "dwarf-with-dsym";
				ENABLE_NS_ASSERTIONS = NO;
				ENABLE_STRICT_OBJC_MSGSEND = YES;
				GCC_C_LANGUAGE_STANDARD = gnu99;
				GCC_NO_COMMON_BLOCKS = YES;
				GCC_WARN_64_TO_32_BIT_CONVERSION = YES;
				GCC_WARN_ABOUT_RETURN_TYPE = YES_ERROR;
				GCC_WARN_UNDECLARED_SELECTOR = YES;
				GCC_WARN_UNINITIALIZED_AUTOS = YES_AGGRESSIVE;
				GCC_WARN_UNUSED_FUNCTION = YES;
				GCC_WARN_UNUSED_VARIABLE = YES;
				HEADER_SEARCH_PATHS = (
					/usr/include,
					/usr/local/include,
				);
				LIBRARY_SEARCH_PATHS = (
					/usr/lib,
					/usr/local/lib,
				);
				MACOSX_DEPLOYMENT_TARGET = 10.10;
				MTL_ENABLE_DEBUG_INFO = NO;
				SDKROOT = macosx;
			};
			name = Release;
		};
		6D78BC0A1C64602900D419A2 /* Debug */ = {
			isa = XCBuildConfiguration;
			buildSettings = {
				"HEADER_SEARCH_PATHS[arch=*]" = (
					/usr/include,
					/usr/local/include,
				);
				OTHER_CFLAGS = "-DATOSL_VERSION=\\\"${VERSION}\\\"";
				"OTHER_LDFLAGS[arch=*]" = (
					"-ldwarf",
					"-liberty",
					"-lz",
				);
				PRODUCT_NAME = "$(TARGET_NAME)";
			};
			name = Debug;
		};
		6D78BC0B1C64602900D419A2 /* Release */ = {
			isa = XCBuildConfiguration;
			buildSettings = {
				OTHER_CFLAGS = "-DATOSL_VERSION=\\\"${VERSION}\\\"";
				"OTHER_LDFLAGS[arch=*]" = (
					"-ldwarf",
					"-liberty",
					"-lz",
				);
				PRODUCT_NAME = "$(TARGET_NAME)";
			};
			name = Release;
		};
/* End XCBuildConfiguration section */

/* Begin XCConfigurationList section */
		6D78BBFD1C64602900D419A2 /* Build configuration list for PBXProject "atosl_osx" */ = {
			isa = XCConfigurationList;
			buildConfigurations = (
				6D78BC071C64602900D419A2 /* Debug */,
				6D78BC081C64602900D419A2 /* Release */,
			);
			defaultConfigurationIsVisible = 0;
			defaultConfigurationName = Release;
		};
		6D78BC091C64602900D419A2 /* Build configuration list for PBXNativeTarget "atosl_osx" */ = {
			isa = XCConfigurationList;
			buildConfigurations = (
				6D78BC0A1C64602900D419A2 /* Debug */,
				6D78BC0B1C64602900D419A2 /* Release */,
			);
			defaultConfigurationIsVisible = 0;
		};
/* End XCConfigurationList section */
	};
	rootObject = 6D78BBFA1C64602900D419A2 /* Project object */;
}
